
Microsoft Visual Studio Solution File, Format Version 12.00
# Visual Studio Version 17
VisualStudioVersion = 17.13.35913.81 d17.13
MinimumVisualStudioVersion = 10.0.40219.1
Project("{FAE04EC0-301F-11D3-BF4B-00C04F79EFBC}") = "RealEstateAPI", "RealEstateAPI\RealEstateAPI.csproj", "{EBE6D818-8C66-4BC8-8D26-EB093D37A560}"
EndProject
Project("{FAE04EC0-301F-11D3-BF4B-00C04F79EFBC}") = "RealEstate.Domain", "RealEstate.Domain\RealEstate.Domain.csproj", "{BD0304E0-AC02-429B-9311-92AD92B45A8A}"
EndProject
Project("{FAE04EC0-301F-11D3-BF4B-00C04F79EFBC}") = "RealEstate.Infrastructure", "RealEstate.Infrastructure\RealEstate.Infrastructure.csproj", "{19E04872-0231-4515-8CFB-D352334CBCE1}"
EndProject
Project("{FAE04EC0-301F-11D3-BF4B-00C04F79EFBC}") = "RealEstate.Application", "RealEstate.Application\RealEstate.Application.csproj", "{185CF2E7-6877-4CD4-B954-5B4E4CF6899C}"
EndProject
Project("{FAE04EC0-301F-11D3-BF4B-00C04F79EFBC}") = "RealEstate.Tests", "RealEstate.Tests\RealEstate.Tests.csproj", "{BCA74318-4363-432A-AE3B-7F123214B86E}"
EndProject
Project("{FAE04EC0-301F-11D3-BF4B-00C04F79EFBC}") = "RealEstate.SharedKernel", "RealEstate.SharedKernel\RealEstate.SharedKernel.csproj", "{F52581D5-D844-4AFD-B0C6-779487BD3E06}"
EndProject
Global
	GlobalSection(SolutionConfigurationPlatforms) = preSolution
		Debug|Any CPU = Debug|Any CPU
		Release|Any CPU = Release|Any CPU
	EndGlobalSection
	GlobalSection(ProjectConfigurationPlatforms) = postSolution
		{EBE6D818-8C66-4BC8-8D26-EB093D37A560}.Debug|Any CPU.ActiveCfg = Debug|Any CPU
		{EBE6D818-8C66-4BC8-8D26-EB093D37A560}.Debug|Any CPU.Build.0 = Debug|Any CPU
		{EBE6D818-8C66-4BC8-8D26-EB093D37A560}.Release|Any CPU.ActiveCfg = Release|Any CPU
		{EBE6D818-8C66-4BC8-8D26-EB093D37A560}.Release|Any CPU.Build.0 = Release|Any CPU
		{BD0304E0-AC02-429B-9311-92AD92B45A8A}.Debug|Any CPU.ActiveCfg = Debug|Any CPU
		{BD0304E0-AC02-429B-9311-92AD92B45A8A}.Debug|Any CPU.Build.0 = Debug|Any CPU
		{BD0304E0-AC02-429B-9311-92AD92B45A8A}.Release|Any CPU.ActiveCfg = Release|Any CPU
		{BD0304E0-AC02-429B-9311-92AD92B45A8A}.Release|Any CPU.Build.0 = Release|Any CPU
		{19E04872-0231-4515-8CFB-D352334CBCE1}.Debug|Any CPU.ActiveCfg = Debug|Any CPU
		{19E04872-0231-4515-8CFB-D352334CBCE1}.Debug|Any CPU.Build.0 = Debug|Any CPU
		{19E04872-0231-4515-8CFB-D352334CBCE1}.Release|Any CPU.ActiveCfg = Release|Any CPU
		{19E04872-0231-4515-8CFB-D352334CBCE1}.Release|Any CPU.Build.0 = Release|Any CPU
		{185CF2E7-6877-4CD4-B954-5B4E4CF6899C}.Debug|Any CPU.ActiveCfg = Debug|Any CPU
		{185CF2E7-6877-4CD4-B954-5B4E4CF6899C}.Debug|Any CPU.Build.0 = Debug|Any CPU
		{185CF2E7-6877-4CD4-B954-5B4E4CF6899C}.Release|Any CPU.ActiveCfg = Release|Any CPU
		{185CF2E7-6877-4CD4-B954-5B4E4CF6899C}.Release|Any CPU.Build.0 = Release|Any CPU
		{BCA74318-4363-432A-AE3B-7F123214B86E}.Debug|Any CPU.ActiveCfg = Debug|Any CPU
		{BCA74318-4363-432A-AE3B-7F123214B86E}.Debug|Any CPU.Build.0 = Debug|Any CPU
		{BCA74318-4363-432A-AE3B-7F123214B86E}.Release|Any CPU.ActiveCfg = Release|Any CPU
		{BCA74318-4363-432A-AE3B-7F123214B86E}.Release|Any CPU.Build.0 = Release|Any CPU
		{F52581D5-D844-4AFD-B0C6-779487BD3E06}.Debug|Any CPU.ActiveCfg = Debug|Any CPU
		{F52581D5-D844-4AFD-B0C6-779487BD3E06}.Debug|Any CPU.Build.0 = Debug|Any CPU
		{F52581D5-D844-4AFD-B0C6-779487BD3E06}.Release|Any CPU.ActiveCfg = Release|Any CPU
		{F52581D5-D844-4AFD-B0C6-779487BD3E06}.Release|Any CPU.Build.0 = Release|Any CPU
	EndGlobalSection
	GlobalSection(SolutionProperties) = preSolution
		HideSolutionNode = FALSE
	EndGlobalSection
	GlobalSection(ExtensibilityGlobals) = postSolution
		SolutionGuid = {3CE82EE9-6EFA-4967-9996-A3F23294C0CD}
	EndGlobalSection
EndGlobal
